<?xml version="1.0" encoding="utf-8"?>
<Project ToolsVersion="4.0" xmlns="http://schemas.microsoft.com/developer/msbuild/2003">
  <ItemGroup>
    <Filter Include="Source Files">
      <UniqueIdentifier>{4FC737F1-C7A5-4376-A066-2A32D752A2FF}</UniqueIdentifier>
      <Extensions>cpp;c;cc;cxx;def;odl;idl;hpj;bat;asm;asmx</Extensions>
    </Filter>
    <Filter Include="Header Files">
      <UniqueIdentifier>{93995380-89BD-4b04-88EB-625FBE52EBFB}</UniqueIdentifier>
      <Extensions>h;hpp;hxx;hm;inl;inc;xsd</Extensions>
    </Filter>
    <Filter Include="Resource Files">
      <UniqueIdentifier>{67DA6AB6-F800-4c08-8B7A-83BB121AAD01}</UniqueIdentifier>
      <Extensions>rc;ico;cur;bmp;dlg;rc2;rct;bin;rgs;gif;jpg;jpeg;jpe;resx;tiff;tif;png;wav;mfcribbon-ms</Extensions>
    </Filter>
  </ItemGroup>
  <ItemGroup>
    <None Include="ReadMe.txt" />
    <None Include="res\RoboticBiopsy.rc2">
      <Filter>Resource Files</Filter>
    </None>
    <None Include="res\RoboticBiopsyDoc.ico">
      <Filter>Resource Files</Filter>
    </None>
    <None Include="res\RoboticBiopsy.ico">
      <Filter>Resource Files</Filter>
    </None>
    <None Include="res\ico00001.ico">
      <Filter>Resource Files</Filter>
    </None>
    <None Include="res\ico00002.ico">
      <Filter>Resource Files</Filter>
    </None>
    <None Include="res\ico00003.ico">
      <Filter>Resource Files</Filter>
    </None>
    <None Include="res\ico00004.ico">
      <Filter>Resource Files</Filter>
    </None>
  </ItemGroup>
  <ItemGroup>
    <ClInclude Include="RoboticBiopsy.h">
      <Filter>Header Files</Filter>
    </ClInclude>
    <ClInclude Include="stdafx.h">
      <Filter>Header Files</Filter>
    </ClInclude>
    <ClInclude Include="targetver.h">
      <Filter>Header Files</Filter>
    </ClInclude>
    <ClInclude Include="MainFrm.h">
      <Filter>Header Files</Filter>
    </ClInclude>
    <ClInclude Include="RoboticBiopsyDoc.h">
      <Filter>Header Files</Filter>
    </ClInclude>
    <ClInclude Include="RoboticBiopsyView.h">
      <Filter>Header Files</Filter>
    </ClInclude>
    <ClInclude Include="Resource.h">
      <Filter>Header Files</Filter>
    </ClInclude>
    <ClInclude Include="ParameterDefinition.h">
      <Filter>Header Files</Filter>
    </ClInclude>
    <ClInclude Include="RS232Communication.h">
      <Filter>Header Files</Filter>
    </ClInclude>
    <ClInclude Include="Serial.h">
      <Filter>Header Files</Filter>
    </ClInclude>
    <ClInclude Include="Dlg_Tools.h">
      <Filter>Header Files</Filter>
    </ClInclude>
    <ClInclude Include="SutterManip.h">
      <Filter>Header Files</Filter>
    </ClInclude>
    <ClInclude Include="OpenCV.h">
      <Filter>Header Files</Filter>
    </ClInclude>
    <ClInclude Include="Camera.h">
      <Filter>Header Files</Filter>
    </ClInclude>
    <ClInclude Include="CvvImage.h">
      <Filter>Header Files</Filter>
    </ClInclude>
    <ClInclude Include="memdc.h">
      <Filter>Header Files</Filter>
    </ClInclude>
    <ClInclude Include="prior.h">
      <Filter>Header Files</Filter>
    </ClInclude>
    <ClInclude Include="PriorStage.h">
      <Filter>Header Files</Filter>
    </ClInclude>
    <ClInclude Include="Methods.h">
      <Filter>Header Files</Filter>
    </ClInclude>
    <ClInclude Include="DirectionVector.h">
      <Filter>Header Files</Filter>
    </ClInclude>
    <ClInclude Include="PDAFfilter.h">
      <Filter>Header Files</Filter>
    </ClInclude>
    <ClInclude Include="EppendorfPump.h">
      <Filter>Header Files</Filter>
    </ClInclude>
    <ClInclude Include="inference.h">
      <Filter>Header Files</Filter>
    </ClInclude>
  </ItemGroup>
  <ItemGroup>
    <ClCompile Include="RoboticBiopsy.cpp">
      <Filter>Source Files</Filter>
    </ClCompile>
    <ClCompile Include="stdafx.cpp">
      <Filter>Source Files</Filter>
    </ClCompile>
    <ClCompile Include="RoboticBiopsyDoc.cpp">
      <Filter>Source Files</Filter>
    </ClCompile>
    <ClCompile Include="RoboticBiopsyView.cpp">
      <Filter>Source Files</Filter>
    </ClCompile>
    <ClCompile Include="RS232Communication.cpp">
      <Filter>Source Files</Filter>
    </ClCompile>
    <ClCompile Include="Serial.cpp">
      <Filter>Source Files</Filter>
    </ClCompile>
    <ClCompile Include="Dlg_Tools.cpp">
      <Filter>Source Files</Filter>
    </ClCompile>
    <ClCompile Include="SutterManip.cpp">
      <Filter>Source Files</Filter>
    </ClCompile>
    <ClCompile Include="Camera.cpp">
      <Filter>Source Files</Filter>
    </ClCompile>
    <ClCompile Include="CvvImage.cpp">
      <Filter>Source Files</Filter>
    </ClCompile>
    <ClCompile Include="prior.cpp">
      <Filter>Source Files</Filter>
    </ClCompile>
    <ClCompile Include="PriorStage.cpp">
      <Filter>Source Files</Filter>
    </ClCompile>
    <ClCompile Include="Methods.cpp">
      <Filter>Source Files</Filter>
    </ClCompile>
    <ClCompile Include="DirectionVector.cpp">
      <Filter>Source Files</Filter>
    </ClCompile>
    <ClCompile Include="PDAFfilter.cpp">
      <Filter>Source Files</Filter>
    </ClCompile>
    <ClCompile Include="MainFrm.cpp">
      <Filter>Source Files</Filter>
    </ClCompile>
    <ClCompile Include="EppendorfPump.cpp">
      <Filter>Source Files</Filter>
    </ClCompile>
    <ClCompile Include="infer.cpp">
      <Filter>Source Files</Filter>
    </ClCompile>
    <ClCompile Include="inference.cpp">
      <Filter>Source Files</Filter>
    </ClCompile>
  </ItemGroup>
  <ItemGroup>
    <ResourceCompile Include="RoboticBiopsy.rc">
      <Filter>Resource Files</Filter>
    </ResourceCompile>
  </ItemGroup>
</Project>